
Microsoft Visual Studio Solution File, Format Version 12.00
# Visual Studio Version 16
VisualStudioVersion = 16.0.30503.244
MinimumVisualStudioVersion = 10.0.40219.1
Project("{FAE04EC0-301F-11D3-BF4B-00C04F79EFBC}") = "newTest1809", "newTest1809\newTest1809.csproj", "{B3F34141-BD46-412A-9370-8A2958A209FA}"
EndProject
Global
	GlobalSection(SolutionConfigurationPlatforms) = preSolution
		Debug|Any CPU = Debug|Any CPU
		Release|Any CPU = Release|Any CPU
	EndGlobalSection
	GlobalSection(ProjectConfigurationPlatforms) = postSolution
		{B3F34141-BD46-412A-9370-8A2958A209FA}.Debug|Any CPU.ActiveCfg = Debug|Any CPU
		{B3F34141-BD46-412A-9370-8A2958A209FA}.Debug|Any CPU.Build.0 = Debug|Any CPU
		{B3F34141-BD46-412A-9370-8A2958A209FA}.Release|Any CPU.ActiveCfg = Release|Any CPU
		{B3F34141-BD46-412A-9370-8A2958A209FA}.Release|Any CPU.Build.0 = Release|Any CPU
	EndGlobalSection
	GlobalSection(SolutionProperties) = preSolution
		HideSolutionNode = FALSE
	EndGlobalSection
	GlobalSection(ExtensibilityGlobals) = postSolution
		SolutionGuid = {2D1840E4-BF63-4E3A-AAD0-8C02DF35CBAB}
	EndGlobalSection
EndGlobal
